
Microsoft Visual Studio Solution File, Format Version 12.00
# Visual Studio Version 17
VisualStudioVersion = 17.0.31903.59
MinimumVisualStudioVersion = 10.0.40219.1
Project("{FAE04EC0-301F-11D3-BF4B-00C04F79EFBC}") = "CashSmart.Dominio", "CashSmart.Dominio\CashSmart.Dominio.csproj", "{ED863367-6E91-406E-B885-9D61C49B4F65}"
EndProject
Project("{FAE04EC0-301F-11D3-BF4B-00C04F79EFBC}") = "CashSmart.Repositorio", "CashSmart.Repositorio\CashSmart.Repositorio.csproj", "{AA1F3938-31A8-4C9E-8E26-841AF2B371B1}"
EndProject
Project("{FAE04EC0-301F-11D3-BF4B-00C04F79EFBC}") = "CashSmart.Aplicacao", "CashSmart.Aplicacao\CashSmart.Aplicacao.csproj", "{98A66BB3-693C-47C8-AA64-D678F9CF00EC}"
EndProject
Project("{FAE04EC0-301F-11D3-BF4B-00C04F79EFBC}") = "CashSmart.API", "CashSmart.API\CashSmart.API.csproj", "{CE7AA4D8-CB57-43B6-9B12-951E6C9166F1}"
EndProject
Global
	GlobalSection(SolutionConfigurationPlatforms) = preSolution
		Debug|Any CPU = Debug|Any CPU
		Debug|x64 = Debug|x64
		Debug|x86 = Debug|x86
		Release|Any CPU = Release|Any CPU
		Release|x64 = Release|x64
		Release|x86 = Release|x86
	EndGlobalSection
	GlobalSection(ProjectConfigurationPlatforms) = postSolution
		{ED863367-6E91-406E-B885-9D61C49B4F65}.Debug|Any CPU.ActiveCfg = Debug|Any CPU
		{ED863367-6E91-406E-B885-9D61C49B4F65}.Debug|Any CPU.Build.0 = Debug|Any CPU
		{ED863367-6E91-406E-B885-9D61C49B4F65}.Debug|x64.ActiveCfg = Debug|Any CPU
		{ED863367-6E91-406E-B885-9D61C49B4F65}.Debug|x64.Build.0 = Debug|Any CPU
		{ED863367-6E91-406E-B885-9D61C49B4F65}.Debug|x86.ActiveCfg = Debug|Any CPU
		{ED863367-6E91-406E-B885-9D61C49B4F65}.Debug|x86.Build.0 = Debug|Any CPU
		{ED863367-6E91-406E-B885-9D61C49B4F65}.Release|Any CPU.ActiveCfg = Release|Any CPU
		{ED863367-6E91-406E-B885-9D61C49B4F65}.Release|Any CPU.Build.0 = Release|Any CPU
		{ED863367-6E91-406E-B885-9D61C49B4F65}.Release|x64.ActiveCfg = Release|Any CPU
		{ED863367-6E91-406E-B885-9D61C49B4F65}.Release|x64.Build.0 = Release|Any CPU
		{ED863367-6E91-406E-B885-9D61C49B4F65}.Release|x86.ActiveCfg = Release|Any CPU
		{ED863367-6E91-406E-B885-9D61C49B4F65}.Release|x86.Build.0 = Release|Any CPU
		{AA1F3938-31A8-4C9E-8E26-841AF2B371B1}.Debug|Any CPU.ActiveCfg = Debug|Any CPU
		{AA1F3938-31A8-4C9E-8E26-841AF2B371B1}.Debug|Any CPU.Build.0 = Debug|Any CPU
		{AA1F3938-31A8-4C9E-8E26-841AF2B371B1}.Debug|x64.ActiveCfg = Debug|Any CPU
		{AA1F3938-31A8-4C9E-8E26-841AF2B371B1}.Debug|x64.Build.0 = Debug|Any CPU
		{AA1F3938-31A8-4C9E-8E26-841AF2B371B1}.Debug|x86.ActiveCfg = Debug|Any CPU
		{AA1F3938-31A8-4C9E-8E26-841AF2B371B1}.Debug|x86.Build.0 = Debug|Any CPU
		{AA1F3938-31A8-4C9E-8E26-841AF2B371B1}.Release|Any CPU.ActiveCfg = Release|Any CPU
		{AA1F3938-31A8-4C9E-8E26-841AF2B371B1}.Release|Any CPU.Build.0 = Release|Any CPU
		{AA1F3938-31A8-4C9E-8E26-841AF2B371B1}.Release|x64.ActiveCfg = Release|Any CPU
		{AA1F3938-31A8-4C9E-8E26-841AF2B371B1}.Release|x64.Build.0 = Release|Any CPU
		{AA1F3938-31A8-4C9E-8E26-841AF2B371B1}.Release|x86.ActiveCfg = Release|Any CPU
		{AA1F3938-31A8-4C9E-8E26-841AF2B371B1}.Release|x86.Build.0 = Release|Any CPU
		{98A66BB3-693C-47C8-AA64-D678F9CF00EC}.Debug|Any CPU.ActiveCfg = Debug|Any CPU
		{98A66BB3-693C-47C8-AA64-D678F9CF00EC}.Debug|Any CPU.Build.0 = Debug|Any CPU
		{98A66BB3-693C-47C8-AA64-D678F9CF00EC}.Debug|x64.ActiveCfg = Debug|Any CPU
		{98A66BB3-693C-47C8-AA64-D678F9CF00EC}.Debug|x64.Build.0 = Debug|Any CPU
		{98A66BB3-693C-47C8-AA64-D678F9CF00EC}.Debug|x86.ActiveCfg = Debug|Any CPU
		{98A66BB3-693C-47C8-AA64-D678F9CF00EC}.Debug|x86.Build.0 = Debug|Any CPU
		{98A66BB3-693C-47C8-AA64-D678F9CF00EC}.Release|Any CPU.ActiveCfg = Release|Any CPU
		{98A66BB3-693C-47C8-AA64-D678F9CF00EC}.Release|Any CPU.Build.0 = Release|Any CPU
		{98A66BB3-693C-47C8-AA64-D678F9CF00EC}.Release|x64.ActiveCfg = Release|Any CPU
		{98A66BB3-693C-47C8-AA64-D678F9CF00EC}.Release|x64.Build.0 = Release|Any CPU
		{98A66BB3-693C-47C8-AA64-D678F9CF00EC}.Release|x86.ActiveCfg = Release|Any CPU
		{98A66BB3-693C-47C8-AA64-D678F9CF00EC}.Release|x86.Build.0 = Release|Any CPU
		{CE7AA4D8-CB57-43B6-9B12-951E6C9166F1}.Debug|Any CPU.ActiveCfg = Debug|Any CPU
		{CE7AA4D8-CB57-43B6-9B12-951E6C9166F1}.Debug|Any CPU.Build.0 = Debug|Any CPU
		{CE7AA4D8-CB57-43B6-9B12-951E6C9166F1}.Debug|x64.ActiveCfg = Debug|Any CPU
		{CE7AA4D8-CB57-43B6-9B12-951E6C9166F1}.Debug|x64.Build.0 = Debug|Any CPU
		{CE7AA4D8-CB57-43B6-9B12-951E6C9166F1}.Debug|x86.ActiveCfg = Debug|Any CPU
		{CE7AA4D8-CB57-43B6-9B12-951E6C9166F1}.Debug|x86.Build.0 = Debug|Any CPU
		{CE7AA4D8-CB57-43B6-9B12-951E6C9166F1}.Release|Any CPU.ActiveCfg = Release|Any CPU
		{CE7AA4D8-CB57-43B6-9B12-951E6C9166F1}.Release|Any CPU.Build.0 = Release|Any CPU
		{CE7AA4D8-CB57-43B6-9B12-951E6C9166F1}.Release|x64.ActiveCfg = Release|Any CPU
		{CE7AA4D8-CB57-43B6-9B12-951E6C9166F1}.Release|x64.Build.0 = Release|Any CPU
		{CE7AA4D8-CB57-43B6-9B12-951E6C9166F1}.Release|x86.ActiveCfg = Release|Any CPU
		{CE7AA4D8-CB57-43B6-9B12-951E6C9166F1}.Release|x86.Build.0 = Release|Any CPU
	EndGlobalSection
	GlobalSection(SolutionProperties) = preSolution
		HideSolutionNode = FALSE
	EndGlobalSection
EndGlobal
